
Microsoft Visual Studio Solution File, Format Version 12.00
# Visual Studio Version 16
VisualStudioVersion = 16.0.32228.343
MinimumVisualStudioVersion = 10.0.40219.1
Project("{FAE04EC0-301F-11D3-BF4B-00C04F79EFBC}") = "WraithMods", "WraithMods.csproj", "{AEB7EEC1-29A9-4EB1-9B8A-18DCA5AB6130}"
EndProject
Global
	GlobalSection(SolutionConfigurationPlatforms) = preSolution
		Debug|Any CPU = Debug|Any CPU
		Release|Any CPU = Release|Any CPU
	EndGlobalSection
	GlobalSection(ProjectConfigurationPlatforms) = postSolution
		{AEB7EEC1-29A9-4EB1-9B8A-18DCA5AB6130}.Debug|Any CPU.ActiveCfg = Debug|Any CPU
		{AEB7EEC1-29A9-4EB1-9B8A-18DCA5AB6130}.Debug|Any CPU.Build.0 = Debug|Any CPU
		{AEB7EEC1-29A9-4EB1-9B8A-18DCA5AB6130}.Release|Any CPU.ActiveCfg = Release|Any CPU
		{AEB7EEC1-29A9-4EB1-9B8A-18DCA5AB6130}.Release|Any CPU.Build.0 = Release|Any CPU
	EndGlobalSection
	GlobalSection(SolutionProperties) = preSolution
		HideSolutionNode = FALSE
	EndGlobalSection
	GlobalSection(ExtensibilityGlobals) = postSolution
		SolutionGuid = {FBB05D78-CBDB-46E0-80E7-2E8C48150EA8}
	EndGlobalSection
EndGlobal
